// !$*UTF8*$!
{
	archiveVersion = 1;
	classes = {
	};
	objectVersion = 50;
	objects = {

/* Begin PBXBuildFile section */
		A2F1A1BD25C9C3900040213B /* iDIneApp.swift in Sources */ = {isa = PBXBuildFile; fileRef = A2F1A1BC25C9C3900040213B /* iDIneApp.swift */; };
		A2F1A1BF25C9C3900040213B /* ContentView.swift in Sources */ = {isa = PBXBuildFile; fileRef = A2F1A1BE25C9C3900040213B /* ContentView.swift */; };
		A2F1A1C125C9C3910040213B /* Assets.xcassets in Resources */ = {isa = PBXBuildFile; fileRef = A2F1A1C025C9C3910040213B /* Assets.xcassets */; };
		A2F1A1C425C9C3910040213B /* Preview Assets.xcassets in Resources */ = {isa = PBXBuildFile; fileRef = A2F1A1C325C9C3910040213B /* Preview Assets.xcassets */; };
		A2F1A1CE25C9C4740040213B /* Helper.swift in Sources */ = {isa = PBXBuildFile; fileRef = A2F1A1CD25C9C4740040213B /* Helper.swift */; };
		A2F1A1D125C9C4800040213B /* Menu.swift in Sources */ = {isa = PBXBuildFile; fileRef = A2F1A1D025C9C4800040213B /* Menu.swift */; };
		A2F1A1D425C9C4870040213B /* Order.swift in Sources */ = {isa = PBXBuildFile; fileRef = A2F1A1D325C9C4870040213B /* Order.swift */; };
		A2F1A1D725C9C4960040213B /* menu.json in Resources */ = {isa = PBXBuildFile; fileRef = A2F1A1D625C9C4960040213B /* menu.json */; };
		A2F1A1DA25C9C8130040213B /* ItemRow.swift in Sources */ = {isa = PBXBuildFile; fileRef = A2F1A1D925C9C8130040213B /* ItemRow.swift */; };
		A2F1A1DD25C9E9E40040213B /* ItemDetail.swift in Sources */ = {isa = PBXBuildFile; fileRef = A2F1A1DC25C9E9E40040213B /* ItemDetail.swift */; };
/* End PBXBuildFile section */

/* Begin PBXFileReference section */
		A2F1A1B925C9C3900040213B /* iDIne.app */ = {isa = PBXFileReference; explicitFileType = wrapper.application; includeInIndex = 0; path = iDIne.app; sourceTree = BUILT_PRODUCTS_DIR; };
		A2F1A1BC25C9C3900040213B /* iDIneApp.swift */ = {isa = PBXFileReference; lastKnownFileType = sourcecode.swift; path = iDIneApp.swift; sourceTree = "<group>"; };
		A2F1A1BE25C9C3900040213B /* ContentView.swift */ = {isa = PBXFileReference; lastKnownFileType = sourcecode.swift; path = ContentView.swift; sourceTree = "<group>"; };
		A2F1A1C025C9C3910040213B /* Assets.xcassets */ = {isa = PBXFileReference; lastKnownFileType = folder.assetcatalog; path = Assets.xcassets; sourceTree = "<group>"; };
		A2F1A1C325C9C3910040213B /* Preview Assets.xcassets */ = {isa = PBXFileReference; lastKnownFileType = folder.assetcatalog; path = "Preview Assets.xcassets"; sourceTree = "<group>"; };
		A2F1A1C525C9C3910040213B /* Info.plist */ = {isa = PBXFileReference; lastKnownFileType = text.plist.xml; path = Info.plist; sourceTree = "<group>"; };
		A2F1A1CD25C9C4740040213B /* Helper.swift */ = {isa = PBXFileReference; fileEncoding = 4; lastKnownFileType = sourcecode.swift; name = Helper.swift; path = "idine 2/Helper.swift"; sourceTree = SOURCE_ROOT; };
		A2F1A1D025C9C4800040213B /* Menu.swift */ = {isa = PBXFileReference; fileEncoding = 4; lastKnownFileType = sourcecode.swift; name = Menu.swift; path = "idine 2/Menu.swift"; sourceTree = SOURCE_ROOT; };
		A2F1A1D325C9C4870040213B /* Order.swift */ = {isa = PBXFileReference; fileEncoding = 4; lastKnownFileType = sourcecode.swift; name = Order.swift; path = "idine 2/Order.swift"; sourceTree = SOURCE_ROOT; };
		A2F1A1D625C9C4960040213B /* menu.json */ = {isa = PBXFileReference; fileEncoding = 4; lastKnownFileType = text.json; name = menu.json; path = "idine 2/menu.json"; sourceTree = SOURCE_ROOT; };
		A2F1A1D925C9C8130040213B /* ItemRow.swift */ = {isa = PBXFileReference; lastKnownFileType = sourcecode.swift; path = ItemRow.swift; sourceTree = "<group>"; };
		A2F1A1DC25C9E9E40040213B /* ItemDetail.swift */ = {isa = PBXFileReference; lastKnownFileType = sourcecode.swift; path = ItemDetail.swift; sourceTree = "<group>"; };
/* End PBXFileReference section */

/* Begin PBXFrameworksBuildPhase section */
		A2F1A1B625C9C3900040213B /* Frameworks */ = {
			isa = PBXFrameworksBuildPhase;
			buildActionMask = 2147483647;
			files = (
			);
			runOnlyForDeploymentPostprocessing = 0;
		};
/* End PBXFrameworksBuildPhase section */

/* Begin PBXGroup section */
		A2F1A1B025C9C3900040213B = {
			isa = PBXGroup;
			children = (
				A2F1A1BB25C9C3900040213B /* iDIne */,
				A2F1A1BA25C9C3900040213B /* Products */,
			);
			sourceTree = "<group>";
		};
		A2F1A1BA25C9C3900040213B /* Products */ = {
			isa = PBXGroup;
			children = (
				A2F1A1B925C9C3900040213B /* iDIne.app */,
			);
			name = Products;
			sourceTree = "<group>";
		};
		A2F1A1BB25C9C3900040213B /* iDIne */ = {
			isa = PBXGroup;
			children = (
				A2F1A1BC25C9C3900040213B /* iDIneApp.swift */,
				A2F1A1CD25C9C4740040213B /* Helper.swift */,
				A2F1A1D025C9C4800040213B /* Menu.swift */,
				A2F1A1D325C9C4870040213B /* Order.swift */,
				A2F1A1BE25C9C3900040213B /* ContentView.swift */,
				A2F1A1D925C9C8130040213B /* ItemRow.swift */,
				A2F1A1DC25C9E9E40040213B /* ItemDetail.swift */,
				A2F1A1D625C9C4960040213B /* menu.json */,
				A2F1A1C025C9C3910040213B /* Assets.xcassets */,
				A2F1A1C525C9C3910040213B /* Info.plist */,
				A2F1A1C225C9C3910040213B /* Preview Content */,
			);
			path = iDIne;
			sourceTree = "<group>";
		};
		A2F1A1C225C9C3910040213B /* Preview Content */ = {
			isa = PBXGroup;
			children = (
				A2F1A1C325C9C3910040213B /* Preview Assets.xcassets */,
			);
			path = "Preview Content";
			sourceTree = "<group>";
		};
/* End PBXGroup section */

/* Begin PBXNativeTarget section */
		A2F1A1B825C9C3900040213B /* iDIne */ = {
			isa = PBXNativeTarget;
			buildConfigurationList = A2F1A1C825C9C3910040213B /* Build configuration list for PBXNativeTarget "iDIne" */;
			buildPhases = (
				A2F1A1B525C9C3900040213B /* Sources */,
				A2F1A1B625C9C3900040213B /* Frameworks */,
				A2F1A1B725C9C3900040213B /* Resources */,
			);
			buildRules = (
			);
			dependencies = (
			);
			name = iDIne;
			productName = iDIne;
			productReference = A2F1A1B925C9C3900040213B /* iDIne.app */;
			productType = "com.apple.product-type.application";
		};
/* End PBXNativeTarget section */

/* Begin PBXProject section */
		A2F1A1B125C9C3900040213B /* Project object */ = {
			isa = PBXProject;
			attributes = {
				LastSwiftUpdateCheck = 1240;
				LastUpgradeCheck = 1240;
				TargetAttributes = {
					A2F1A1B825C9C3900040213B = {
						CreatedOnToolsVersion = 12.4;
					};
				};
			};
			buildConfigurationList = A2F1A1B425C9C3900040213B /* Build configuration list for PBXProject "iDIne" */;
			compatibilityVersion = "Xcode 9.3";
			developmentRegion = en;
			hasScannedForEncodings = 0;
			knownRegions = (
				en,
				Base,
			);
			mainGroup = A2F1A1B025C9C3900040213B;
			productRefGroup = A2F1A1BA25C9C3900040213B /* Products */;
			projectDirPath = "";
			projectRoot = "";
			targets = (
				A2F1A1B825C9C3900040213B /* iDIne */,
			);
		};
/* End PBXProject section */

/* Begin PBXResourcesBuildPhase section */
		A2F1A1B725C9C3900040213B /* Resources */ = {
			isa = PBXResourcesBuildPhase;
			buildActionMask = 2147483647;
			files = (
				A2F1A1D725C9C4960040213B /* menu.json in Resources */,
				A2F1A1C425C9C3910040213B /* Preview Assets.xcassets in Resources */,
				A2F1A1C125C9C3910040213B /* Assets.xcassets in Resources */,
			);
			runOnlyForDeploymentPostprocessing = 0;
		};
/* End PBXResourcesBuildPhase section */

/* Begin PBXSourcesBuildPhase section */
		A2F1A1B525C9C3900040213B /* Sources */ = {
			isa = PBXSourcesBuildPhase;
			buildActionMask = 2147483647;
			files = (
				A2F1A1DD25C9E9E40040213B /* ItemDetail.swift in Sources */,
				A2F1A1BF25C9C3900040213B /* ContentView.swift in Sources */,
				A2F1A1BD25C9C3900040213B /* iDIneApp.swift in Sources */,
				A2F1A1D425C9C4870040213B /* Order.swift in Sources */,
				A2F1A1DA25C9C8130040213B /* ItemRow.swift in Sources */,
				A2F1A1D125C9C4800040213B /* Menu.swift in Sources */,
				A2F1A1CE25C9C4740040213B /* Helper.swift in Sources */,
			);
			runOnlyForDeploymentPostprocessing = 0;
		};
/* End PBXSourcesBuildPhase section */

/* Begin XCBuildConfiguration section */
		A2F1A1C625C9C3910040213B /* Debug */ = {
			isa = XCBuildConfiguration;
			buildSettings = {
				ALWAYS_SEARCH_USER_PATHS = NO;
				CLANG_ANALYZER_NONNULL = YES;
				CLANG_ANALYZER_NUMBER_OBJECT_CONVERSION = YES_AGGRESSIVE;
				CLANG_CXX_LANGUAGE_STANDARD = "gnu++14";
				CLANG_CXX_LIBRARY = "libc++";
				CLANG_ENABLE_MODULES = YES;
				CLANG_ENABLE_OBJC_ARC = YES;
				CLANG_ENABLE_OBJC_WEAK = YES;
				CLANG_WARN_BLOCK_CAPTURE_AUTORELEASING = YES;
				CLANG_WARN_BOOL_CONVERSION = YES;
				CLANG_WARN_COMMA = YES;
				CLANG_WARN_CONSTANT_CONVERSION = YES;
				CLANG_WARN_DEPRECATED_OBJC_IMPLEMENTATIONS = YES;
				CLANG_WARN_DIRECT_OBJC_ISA_USAGE = YES_ERROR;
				CLANG_WARN_DOCUMENTATION_COMMENTS = YES;
				CLANG_WARN_EMPTY_BODY = YES;
				CLANG_WARN_ENUM_CONVERSION = YES;
				CLANG_WARN_INFINITE_RECURSION = YES;
				CLANG_WARN_INT_CONVERSION = YES;
				CLANG_WARN_NON_LITERAL_NULL_CONVERSION = YES;
				CLANG_WARN_OBJC_IMPLICIT_RETAIN_SELF = YES;
				CLANG_WARN_OBJC_LITERAL_CONVERSION = YES;
				CLANG_WARN_OBJC_ROOT_CLASS = YES_ERROR;
				CLANG_WARN_QUOTED_INCLUDE_IN_FRAMEWORK_HEADER = YES;
				CLANG_WARN_RANGE_LOOP_ANALYSIS = YES;
				CLANG_WARN_STRICT_PROTOTYPES = YES;
				CLANG_WARN_SUSPICIOUS_MOVE = YES;
				CLANG_WARN_UNGUARDED_AVAILABILITY = YES_AGGRESSIVE;
				CLANG_WARN_UNREACHABLE_CODE = YES;
				CLANG_WARN__DUPLICATE_METHOD_MATCH = YES;
				COPY_PHASE_STRIP = NO;
				DEBUG_INFORMATION_FORMAT = dwarf;
				ENABLE_STRICT_OBJC_MSGSEND = YES;
				ENABLE_TESTABILITY = YES;
				GCC_C_LANGUAGE_STANDARD = gnu11;
				GCC_DYNAMIC_NO_PIC = NO;
				GCC_NO_COMMON_BLOCKS = YES;
				GCC_OPTIMIZATION_LEVEL = 0;
				GCC_PREPROCESSOR_DEFINITIONS = (
					"DEBUG=1",
					"$(inherited)",
				);
				GCC_WARN_64_TO_32_BIT_CONVERSION = YES;
				GCC_WARN_ABOUT_RETURN_TYPE = YES_ERROR;
				GCC_WARN_UNDECLARED_SELECTOR = YES;
				GCC_WARN_UNINITIALIZED_AUTOS = YES_AGGRESSIVE;
				GCC_WARN_UNUSED_FUNCTION = YES;
				GCC_WARN_UNUSED_VARIABLE = YES;
				IPHONEOS_DEPLOYMENT_TARGET = 14.4;
				MTL_ENABLE_DEBUG_INFO = INCLUDE_SOURCE;
				MTL_FAST_MATH = YES;
				ONLY_ACTIVE_ARCH = YES;
				SDKROOT = iphoneos;
				SWIFT_ACTIVE_COMPILATION_CONDITIONS = DEBUG;
				SWIFT_OPTIMIZATION_LEVEL = "-Onone";
			};
			name = Debug;
		};
		A2F1A1C725C9C3910040213B /* Release */ = {
			isa = XCBuildConfiguration;
			buildSettings = {
				ALWAYS_SEARCH_USER_PATHS = NO;
				CLANG_ANALYZER_NONNULL = YES;
				CLANG_ANALYZER_NUMBER_OBJECT_CONVERSION = YES_AGGRESSIVE;
				CLANG_CXX_LANGUAGE_STANDARD = "gnu++14";
				CLANG_CXX_LIBRARY = "libc++";
				CLANG_ENABLE_MODULES = YES;
				CLANG_ENABLE_OBJC_ARC = YES;
				CLANG_ENABLE_OBJC_WEAK = YES;
				CLANG_WARN_BLOCK_CAPTURE_AUTORELEASING = YES;
				CLANG_WARN_BOOL_CONVERSION = YES;
				CLANG_WARN_COMMA = YES;
				CLANG_WARN_CONSTANT_CONVERSION = YES;
				CLANG_WARN_DEPRECATED_OBJC_IMPLEMENTATIONS = YES;
				CLANG_WARN_DIRECT_OBJC_ISA_USAGE = YES_ERROR;
				CLANG_WARN_DOCUMENTATION_COMMENTS = YES;
				CLANG_WARN_EMPTY_BODY = YES;
				CLANG_WARN_ENUM_CONVERSION = YES;
				CLANG_WARN_INFINITE_RECURSION = YES;
				CLANG_WARN_INT_CONVERSION = YES;
				CLANG_WARN_NON_LITERAL_NULL_CONVERSION = YES;
				CLANG_WARN_OBJC_IMPLICIT_RETAIN_SELF = YES;
				CLANG_WARN_OBJC_LITERAL_CONVERSION = YES;
				CLANG_WARN_OBJC_ROOT_CLASS = YES_ERROR;
				CLANG_WARN_QUOTED_INCLUDE_IN_FRAMEWORK_HEADER = YES;
				CLANG_WARN_RANGE_LOOP_ANALYSIS = YES;
				CLANG_WARN_STRICT_PROTOTYPES = YES;
				CLANG_WARN_SUSPICIOUS_MOVE = YES;
				CLANG_WARN_UNGUARDED_AVAILABILITY = YES_AGGRESSIVE;
				CLANG_WARN_UNREACHABLE_CODE = YES;
				CLANG_WARN__DUPLICATE_METHOD_MATCH = YES;
				COPY_PHASE_STRIP = NO;
				DEBUG_INFORMATION_FORMAT = "dwarf-with-dsym";
				ENABLE_NS_ASSERTIONS = NO;
				ENABLE_STRICT_OBJC_MSGSEND = YES;
				GCC_C_LANGUAGE_STANDARD = gnu11;
				GCC_NO_COMMON_BLOCKS = YES;
				GCC_WARN_64_TO_32_BIT_CONVERSION = YES;
				GCC_WARN_ABOUT_RETURN_TYPE = YES_ERROR;
				GCC_WARN_UNDECLARED_SELECTOR = YES;
				GCC_WARN_UNINITIALIZED_AUTOS = YES_AGGRESSIVE;
				GCC_WARN_UNUSED_FUNCTION = YES;
				GCC_WARN_UNUSED_VARIABLE = YES;
				IPHONEOS_DEPLOYMENT_TARGET = 14.4;
				MTL_ENABLE_DEBUG_INFO = NO;
				MTL_FAST_MATH = YES;
				SDKROOT = iphoneos;
				SWIFT_COMPILATION_MODE = wholemodule;
				SWIFT_OPTIMIZATION_LEVEL = "-O";
				VALIDATE_PRODUCT = YES;
			};
			name = Release;
		};
		A2F1A1C925C9C3910040213B /* Debug */ = {
			isa = XCBuildConfiguration;
			buildSettings = {
				ASSETCATALOG_COMPILER_APPICON_NAME = AppIcon;
				ASSETCATALOG_COMPILER_GLOBAL_ACCENT_COLOR_NAME = AccentColor;
				CODE_SIGN_STYLE = Automatic;
				DEVELOPMENT_ASSET_PATHS = "\"iDIne/Preview Content\"";
				DEVELOPMENT_TEAM = BWWRUGX9KF;
				ENABLE_PREVIEWS = YES;
				INFOPLIST_FILE = iDIne/Info.plist;
				IPHONEOS_DEPLOYMENT_TARGET = 14.0;
				LD_RUNPATH_SEARCH_PATHS = (
					"$(inherited)",
					"@executable_path/Frameworks",
				);
				PRODUCT_BUNDLE_IDENTIFIER = com.ZephyrTechnology.iDIne;
				PRODUCT_NAME = "$(TARGET_NAME)";
				SWIFT_VERSION = 5.0;
				TARGETED_DEVICE_FAMILY = "1,2";
			};
			name = Debug;
		};
		A2F1A1CA25C9C3910040213B /* Release */ = {
			isa = XCBuildConfiguration;
			buildSettings = {
				ASSETCATALOG_COMPILER_APPICON_NAME = AppIcon;
				ASSETCATALOG_COMPILER_GLOBAL_ACCENT_COLOR_NAME = AccentColor;
				CODE_SIGN_STYLE = Automatic;
				DEVELOPMENT_ASSET_PATHS = "\"iDIne/Preview Content\"";
				DEVELOPMENT_TEAM = BWWRUGX9KF;
				ENABLE_PREVIEWS = YES;
				INFOPLIST_FILE = iDIne/Info.plist;
				IPHONEOS_DEPLOYMENT_TARGET = 14.0;
				LD_RUNPATH_SEARCH_PATHS = (
					"$(inherited)",
					"@executable_path/Frameworks",
				);
				PRODUCT_BUNDLE_IDENTIFIER = com.ZephyrTechnology.iDIne;
				PRODUCT_NAME = "$(TARGET_NAME)";
				SWIFT_VERSION = 5.0;
				TARGETED_DEVICE_FAMILY = "1,2";
			};
			name = Release;
		};
/* End XCBuildConfiguration section */

/* Begin XCConfigurationList section */
		A2F1A1B425C9C3900040213B /* Build configuration list for PBXProject "iDIne" */ = {
			isa = XCConfigurationList;
			buildConfigurations = (
				A2F1A1C625C9C3910040213B /* Debug */,
				A2F1A1C725C9C3910040213B /* Release */,
			);
			defaultConfigurationIsVisible = 0;
			defaultConfigurationName = Release;
		};
		A2F1A1C825C9C3910040213B /* Build configuration list for PBXNativeTarget "iDIne" */ = {
			isa = XCConfigurationList;
			buildConfigurations = (
				A2F1A1C925C9C3910040213B /* Debug */,
				A2F1A1CA25C9C3910040213B /* Release */,
			);
			defaultConfigurationIsVisible = 0;
			defaultConfigurationName = Release;
		};
/* End XCConfigurationList section */
	};
	rootObject = A2F1A1B125C9C3900040213B /* Project object */;
}
